
Microsoft Visual Studio Solution File, Format Version 12.00
# Visual Studio Version 18
VisualStudioVersion = 18.4.11626.88
MinimumVisualStudioVersion = 10.0.40219.1
Project("{FAE04EC0-301F-11D3-BF4B-00C04F79EFBC}") = "ShareAudit.Model", "Model\ShareAudit.Model.csproj", "{2CE622F6-4A42-2F15-D0F5-BBE2BA536A91}"
EndProject
Project("{FAE04EC0-301F-11D3-BF4B-00C04F79EFBC}") = "ShareAudit.Interop", "Interop\ShareAudit.Interop.csproj", "{B255F0C6-0D97-47E5-82DE-50CC2EA80F1A}"
EndProject
Project("{FAE04EC0-301F-11D3-BF4B-00C04F79EFBC}") = "ShareAudit.Service", "Service\ShareAudit.Service.csproj", "{3447F8C7-D512-36AA-4F89-4FD220E3E330}"
EndProject
Project("{FAE04EC0-301F-11D3-BF4B-00C04F79EFBC}") = "ShareAudit.UI", "UI\ShareAudit.UI.csproj", "{867AFB9C-87E7-42A1-B8B8-F7B49271632D}"
EndProject
Global
	GlobalSection(SolutionConfigurationPlatforms) = preSolution
		Debug|Any CPU = Debug|Any CPU
		Release|Any CPU = Release|Any CPU
	EndGlobalSection
	GlobalSection(ProjectConfigurationPlatforms) = postSolution
		{2CE622F6-4A42-2F15-D0F5-BBE2BA536A91}.Debug|Any CPU.ActiveCfg = Debug|Any CPU
		{2CE622F6-4A42-2F15-D0F5-BBE2BA536A91}.Debug|Any CPU.Build.0 = Debug|Any CPU
		{2CE622F6-4A42-2F15-D0F5-BBE2BA536A91}.Release|Any CPU.ActiveCfg = Release|Any CPU
		{2CE622F6-4A42-2F15-D0F5-BBE2BA536A91}.Release|Any CPU.Build.0 = Release|Any CPU
		{B255F0C6-0D97-47E5-82DE-50CC2EA80F1A}.Debug|Any CPU.ActiveCfg = Debug|Any CPU
		{B255F0C6-0D97-47E5-82DE-50CC2EA80F1A}.Debug|Any CPU.Build.0 = Debug|Any CPU
		{B255F0C6-0D97-47E5-82DE-50CC2EA80F1A}.Release|Any CPU.ActiveCfg = Release|Any CPU
		{B255F0C6-0D97-47E5-82DE-50CC2EA80F1A}.Release|Any CPU.Build.0 = Release|Any CPU
		{3447F8C7-D512-36AA-4F89-4FD220E3E330}.Debug|Any CPU.ActiveCfg = Debug|Any CPU
		{3447F8C7-D512-36AA-4F89-4FD220E3E330}.Debug|Any CPU.Build.0 = Debug|Any CPU
		{3447F8C7-D512-36AA-4F89-4FD220E3E330}.Release|Any CPU.ActiveCfg = Release|Any CPU
		{3447F8C7-D512-36AA-4F89-4FD220E3E330}.Release|Any CPU.Build.0 = Release|Any CPU
		{867AFB9C-87E7-42A1-B8B8-F7B49271632D}.Debug|Any CPU.ActiveCfg = Debug|Any CPU
		{867AFB9C-87E7-42A1-B8B8-F7B49271632D}.Debug|Any CPU.Build.0 = Debug|Any CPU
		{867AFB9C-87E7-42A1-B8B8-F7B49271632D}.Release|Any CPU.ActiveCfg = Release|Any CPU
		{867AFB9C-87E7-42A1-B8B8-F7B49271632D}.Release|Any CPU.Build.0 = Release|Any CPU
	EndGlobalSection
	GlobalSection(SolutionProperties) = preSolution
		HideSolutionNode = FALSE
	EndGlobalSection
	GlobalSection(ExtensibilityGlobals) = postSolution
		SolutionGuid = {04F6815F-15A2-4B74-A2F3-2CF8753BDD87}
	EndGlobalSection
EndGlobal
