Microsoft Visual Studio Solution File, Format Version 12.00
# Visual Studio Version 17
VisualStudioVersion = 17.5.2.0
MinimumVisualStudioVersion = 10.0.40219.1
Project("{FAE04EC0-301F-11D3-BF4B-00C04F79EFBC}") = "Dionach.ShareAudit.Modules.Services", "Dionach.ShareAudit.Modules.Services.csproj", "{402C5C02-BEC8-BF1D-0FBF-FBB86E581994}"
EndProject
Global
	GlobalSection(SolutionConfigurationPlatforms) = preSolution
		Debug|Any CPU = Debug|Any CPU
		Release|Any CPU = Release|Any CPU
	EndGlobalSection
	GlobalSection(ProjectConfigurationPlatforms) = postSolution
		{402C5C02-BEC8-BF1D-0FBF-FBB86E581994}.Debug|Any CPU.ActiveCfg = Debug|Any CPU
		{402C5C02-BEC8-BF1D-0FBF-FBB86E581994}.Debug|Any CPU.Build.0 = Debug|Any CPU
		{402C5C02-BEC8-BF1D-0FBF-FBB86E581994}.Release|Any CPU.ActiveCfg = Release|Any CPU
		{402C5C02-BEC8-BF1D-0FBF-FBB86E581994}.Release|Any CPU.Build.0 = Release|Any CPU
	EndGlobalSection
	GlobalSection(SolutionProperties) = preSolution
		HideSolutionNode = FALSE
	EndGlobalSection
	GlobalSection(ExtensibilityGlobals) = postSolution
		SolutionGuid = {6A940CA3-8364-4E8D-93B8-6A8BEEEE7041}
	EndGlobalSection
EndGlobal
